
Microsoft Visual Studio Solution File, Format Version 12.00
# Visual Studio Version 17
VisualStudioVersion = 17.11.35303.130
MinimumVisualStudioVersion = 10.0.40219.1
Project("{FAE04EC0-301F-11D3-BF4B-00C04F79EFBC}") = "HomeAssignment-MDC", "HomeAssignment-MDC.csproj", "{2E909510-3018-42B9-A68B-810E1810AC78}"
EndProject
Global
	GlobalSection(SolutionConfigurationPlatforms) = preSolution
		Debug|Any CPU = Debug|Any CPU
		Release|Any CPU = Release|Any CPU
	EndGlobalSection
	GlobalSection(ProjectConfigurationPlatforms) = postSolution
		{2E909510-3018-42B9-A68B-810E1810AC78}.Debug|Any CPU.ActiveCfg = Debug|Any CPU
		{2E909510-3018-42B9-A68B-810E1810AC78}.Debug|Any CPU.Build.0 = Debug|Any CPU
		{2E909510-3018-42B9-A68B-810E1810AC78}.Release|Any CPU.ActiveCfg = Release|Any CPU
		{2E909510-3018-42B9-A68B-810E1810AC78}.Release|Any CPU.Build.0 = Release|Any CPU
	EndGlobalSection
	GlobalSection(SolutionProperties) = preSolution
		HideSolutionNode = FALSE
	EndGlobalSection
	GlobalSection(ExtensibilityGlobals) = postSolution
		SolutionGuid = {B69AD780-024B-4733-AF73-469BBEBF3AA8}
	EndGlobalSection
EndGlobal
